
Microsoft Visual Studio Solution File, Format Version 12.00
# Visual Studio Version 17
VisualStudioVersion = 17.6.33829.357
MinimumVisualStudioVersion = 10.0.40219.1
Project("{FAE04EC0-301F-11D3-BF4B-00C04F79EFBC}") = "api", "api.csproj", "{C1116712-07F4-4573-B5CE-FE5F2E48DDB3}"
EndProject
Global
	GlobalSection(SolutionConfigurationPlatforms) = preSolution
		Debug|Any CPU = Debug|Any CPU
		Release|Any CPU = Release|Any CPU
	EndGlobalSection
	GlobalSection(ProjectConfigurationPlatforms) = postSolution
		{C1116712-07F4-4573-B5CE-FE5F2E48DDB3}.Debug|Any CPU.ActiveCfg = Debug|Any CPU
		{C1116712-07F4-4573-B5CE-FE5F2E48DDB3}.Debug|Any CPU.Build.0 = Debug|Any CPU
		{C1116712-07F4-4573-B5CE-FE5F2E48DDB3}.Release|Any CPU.ActiveCfg = Release|Any CPU
		{C1116712-07F4-4573-B5CE-FE5F2E48DDB3}.Release|Any CPU.Build.0 = Release|Any CPU
	EndGlobalSection
	GlobalSection(SolutionProperties) = preSolution
		HideSolutionNode = FALSE
	EndGlobalSection
	GlobalSection(ExtensibilityGlobals) = postSolution
		SolutionGuid = {A8ED5B9F-F322-4A60-9948-2C50650D2DEB}
	EndGlobalSection
EndGlobal
